
Microsoft Visual Studio Solution File, Format Version 12.00
# Visual Studio Version 16
VisualStudioVersion = 16.0.30021.99
MinimumVisualStudioVersion = 10.0.40219.1
Project("{9A19103F-16F7-4668-BE54-9A1E7A4F7556}") = "SimpleThermostat", "SimpleThermostat\SimpleThermostat.csproj", "{DE41FEA5-F4F1-484A-9B7B-57F9E3D4A7FD}"
EndProject
Project("{FAE04EC0-301F-11D3-BF4B-00C04F79EFBC}") = "Refrigerator", "Refrigerator\Refrigerator.csproj", "{3EC570CD-E783-469F-8517-04AB0CB81724}"
EndProject
Global
	GlobalSection(SolutionConfigurationPlatforms) = preSolution
		Debug|Any CPU = Debug|Any CPU
		Release|Any CPU = Release|Any CPU
	EndGlobalSection
	GlobalSection(ProjectConfigurationPlatforms) = postSolution
		{DE41FEA5-F4F1-484A-9B7B-57F9E3D4A7FD}.Debug|Any CPU.ActiveCfg = Debug|Any CPU
		{DE41FEA5-F4F1-484A-9B7B-57F9E3D4A7FD}.Debug|Any CPU.Build.0 = Debug|Any CPU
		{DE41FEA5-F4F1-484A-9B7B-57F9E3D4A7FD}.Release|Any CPU.ActiveCfg = Release|Any CPU
		{DE41FEA5-F4F1-484A-9B7B-57F9E3D4A7FD}.Release|Any CPU.Build.0 = Release|Any CPU
		{3EC570CD-E783-469F-8517-04AB0CB81724}.Debug|Any CPU.ActiveCfg = Debug|Any CPU
		{3EC570CD-E783-469F-8517-04AB0CB81724}.Debug|Any CPU.Build.0 = Debug|Any CPU
		{3EC570CD-E783-469F-8517-04AB0CB81724}.Release|Any CPU.ActiveCfg = Release|Any CPU
		{3EC570CD-E783-469F-8517-04AB0CB81724}.Release|Any CPU.Build.0 = Release|Any CPU
	EndGlobalSection
	GlobalSection(SolutionProperties) = preSolution
		HideSolutionNode = FALSE
	EndGlobalSection
	GlobalSection(ExtensibilityGlobals) = postSolution
		SolutionGuid = {DFD6BFDB-5F93-4DB7-B217-D6A90FA21D6C}
	EndGlobalSection
EndGlobal
