
Microsoft Visual Studio Solution File, Format Version 12.00
# Visual Studio Version 16
VisualStudioVersion = 16.0.30021.99
MinimumVisualStudioVersion = 10.0.40219.1
Project("{9A19103F-16F7-4668-BE54-9A1E7A4F7556}") = "PnPConvention", "PnPConvention\PnPConvention.csproj", "{C6524A8C-F32E-46C3-B92C-E09C3981E1F2}"
EndProject
Project("{9A19103F-16F7-4668-BE54-9A1E7A4F7556}") = "PnPConvention.Tests", "PnPConvention.Tests\PnPConvention.Tests.csproj", "{60B8B99D-C109-41D0-95F7-48539506E933}"
EndProject
Project("{9A19103F-16F7-4668-BE54-9A1E7A4F7556}") = "SimpleThermostat", "SimpleThermostat\SimpleThermostat.csproj", "{CF3FAF81-181D-4CAA-AB05-FC6A97AE5EE8}"
EndProject
Project("{9A19103F-16F7-4668-BE54-9A1E7A4F7556}") = "DeviceRunner", "DeviceRunner\DeviceRunner.csproj", "{CF8D187A-30FE-456C-A331-7AE76F6325A8}"
EndProject
Project("{9A19103F-16F7-4668-BE54-9A1E7A4F7556}") = "TemperatureController", "TemperatureController\TemperatureController.csproj", "{A4D29FE5-8CEC-450A-BF81-C3E74B93BB61}"
EndProject
Global
	GlobalSection(SolutionConfigurationPlatforms) = preSolution
		Debug|Any CPU = Debug|Any CPU
		Release|Any CPU = Release|Any CPU
	EndGlobalSection
	GlobalSection(ProjectConfigurationPlatforms) = postSolution
		{C6524A8C-F32E-46C3-B92C-E09C3981E1F2}.Debug|Any CPU.ActiveCfg = Debug|Any CPU
		{C6524A8C-F32E-46C3-B92C-E09C3981E1F2}.Debug|Any CPU.Build.0 = Debug|Any CPU
		{C6524A8C-F32E-46C3-B92C-E09C3981E1F2}.Release|Any CPU.ActiveCfg = Release|Any CPU
		{C6524A8C-F32E-46C3-B92C-E09C3981E1F2}.Release|Any CPU.Build.0 = Release|Any CPU
		{60B8B99D-C109-41D0-95F7-48539506E933}.Debug|Any CPU.ActiveCfg = Debug|Any CPU
		{60B8B99D-C109-41D0-95F7-48539506E933}.Debug|Any CPU.Build.0 = Debug|Any CPU
		{60B8B99D-C109-41D0-95F7-48539506E933}.Release|Any CPU.ActiveCfg = Release|Any CPU
		{60B8B99D-C109-41D0-95F7-48539506E933}.Release|Any CPU.Build.0 = Release|Any CPU
		{CF3FAF81-181D-4CAA-AB05-FC6A97AE5EE8}.Debug|Any CPU.ActiveCfg = Debug|Any CPU
		{CF3FAF81-181D-4CAA-AB05-FC6A97AE5EE8}.Debug|Any CPU.Build.0 = Debug|Any CPU
		{CF3FAF81-181D-4CAA-AB05-FC6A97AE5EE8}.Release|Any CPU.ActiveCfg = Release|Any CPU
		{CF3FAF81-181D-4CAA-AB05-FC6A97AE5EE8}.Release|Any CPU.Build.0 = Release|Any CPU
		{CF8D187A-30FE-456C-A331-7AE76F6325A8}.Debug|Any CPU.ActiveCfg = Debug|Any CPU
		{CF8D187A-30FE-456C-A331-7AE76F6325A8}.Debug|Any CPU.Build.0 = Debug|Any CPU
		{CF8D187A-30FE-456C-A331-7AE76F6325A8}.Release|Any CPU.ActiveCfg = Release|Any CPU
		{CF8D187A-30FE-456C-A331-7AE76F6325A8}.Release|Any CPU.Build.0 = Release|Any CPU
		{A4D29FE5-8CEC-450A-BF81-C3E74B93BB61}.Debug|Any CPU.ActiveCfg = Debug|Any CPU
		{A4D29FE5-8CEC-450A-BF81-C3E74B93BB61}.Debug|Any CPU.Build.0 = Debug|Any CPU
		{A4D29FE5-8CEC-450A-BF81-C3E74B93BB61}.Release|Any CPU.ActiveCfg = Release|Any CPU
		{A4D29FE5-8CEC-450A-BF81-C3E74B93BB61}.Release|Any CPU.Build.0 = Release|Any CPU
	EndGlobalSection
	GlobalSection(SolutionProperties) = preSolution
		HideSolutionNode = FALSE
	EndGlobalSection
	GlobalSection(ExtensibilityGlobals) = postSolution
		SolutionGuid = {DFD6BFDB-5F93-4DB7-B217-D6A90FA21D6C}
	EndGlobalSection
EndGlobal
